// !$*UTF8*$!
{
	archiveVersion = 1;
	classes = {
	};
	objectVersion = 56;
	objects = {

/* Begin PBXBuildFile section */
		524C68FD2A8F762A00054F10 /* EarthLinkTaskApp.swift in Sources */ = {isa = PBXBuildFile; fileRef = 524C68FC2A8F762A00054F10 /* EarthLinkTaskApp.swift */; };
		524C68FF2A8F762A00054F10 /* ContentView.swift in Sources */ = {isa = PBXBuildFile; fileRef = 524C68FE2A8F762A00054F10 /* ContentView.swift */; };
		524C69012A8F762B00054F10 /* Assets.xcassets in Resources */ = {isa = PBXBuildFile; fileRef = 524C69002A8F762B00054F10 /* Assets.xcassets */; };
		524C69042A8F762B00054F10 /* Preview Assets.xcassets in Resources */ = {isa = PBXBuildFile; fileRef = 524C69032A8F762B00054F10 /* Preview Assets.xcassets */; };
		524C690E2A8F762B00054F10 /* EarthLinkTaskTests.swift in Sources */ = {isa = PBXBuildFile; fileRef = 524C690D2A8F762B00054F10 /* EarthLinkTaskTests.swift */; };
		524C69182A8F762B00054F10 /* EarthLinkTaskUITests.swift in Sources */ = {isa = PBXBuildFile; fileRef = 524C69172A8F762B00054F10 /* EarthLinkTaskUITests.swift */; };
		524C691A2A8F762B00054F10 /* EarthLinkTaskUITestsLaunchTests.swift in Sources */ = {isa = PBXBuildFile; fileRef = 524C69192A8F762B00054F10 /* EarthLinkTaskUITestsLaunchTests.swift */; };
/* End PBXBuildFile section */

/* Begin PBXContainerItemProxy section */
		524C690A2A8F762B00054F10 /* PBXContainerItemProxy */ = {
			isa = PBXContainerItemProxy;
			containerPortal = 524C68F12A8F762A00054F10 /* Project object */;
			proxyType = 1;
			remoteGlobalIDString = 524C68F82A8F762A00054F10;
			remoteInfo = EarthLinkTask;
		};
		524C69142A8F762B00054F10 /* PBXContainerItemProxy */ = {
			isa = PBXContainerItemProxy;
			containerPortal = 524C68F12A8F762A00054F10 /* Project object */;
			proxyType = 1;
			remoteGlobalIDString = 524C68F82A8F762A00054F10;
			remoteInfo = EarthLinkTask;
		};
/* End PBXContainerItemProxy section */

/* Begin PBXFileReference section */
		524C68F92A8F762A00054F10 /* EarthLinkTask.app */ = {isa = PBXFileReference; explicitFileType = wrapper.application; includeInIndex = 0; path = EarthLinkTask.app; sourceTree = BUILT_PRODUCTS_DIR; };
		524C68FC2A8F762A00054F10 /* EarthLinkTaskApp.swift */ = {isa = PBXFileReference; lastKnownFileType = sourcecode.swift; path = EarthLinkTaskApp.swift; sourceTree = "<group>"; };
		524C68FE2A8F762A00054F10 /* ContentView.swift */ = {isa = PBXFileReference; lastKnownFileType = sourcecode.swift; path = ContentView.swift; sourceTree = "<group>"; };
		524C69002A8F762B00054F10 /* Assets.xcassets */ = {isa = PBXFileReference; lastKnownFileType = folder.assetcatalog; path = Assets.xcassets; sourceTree = "<group>"; };
		524C69032A8F762B00054F10 /* Preview Assets.xcassets */ = {isa = PBXFileReference; lastKnownFileType = folder.assetcatalog; path = "Preview Assets.xcassets"; sourceTree = "<group>"; };
		524C69092A8F762B00054F10 /* EarthLinkTaskTests.xctest */ = {isa = PBXFileReference; explicitFileType = wrapper.cfbundle; includeInIndex = 0; path = EarthLinkTaskTests.xctest; sourceTree = BUILT_PRODUCTS_DIR; };
		524C690D2A8F762B00054F10 /* EarthLinkTaskTests.swift */ = {isa = PBXFileReference; lastKnownFileType = sourcecode.swift; path = EarthLinkTaskTests.swift; sourceTree = "<group>"; };
		524C69132A8F762B00054F10 /* EarthLinkTaskUITests.xctest */ = {isa = PBXFileReference; explicitFileType = wrapper.cfbundle; includeInIndex = 0; path = EarthLinkTaskUITests.xctest; sourceTree = BUILT_PRODUCTS_DIR; };
		524C69172A8F762B00054F10 /* EarthLinkTaskUITests.swift */ = {isa = PBXFileReference; lastKnownFileType = sourcecode.swift; path = EarthLinkTaskUITests.swift; sourceTree = "<group>"; };
		524C69192A8F762B00054F10 /* EarthLinkTaskUITestsLaunchTests.swift */ = {isa = PBXFileReference; lastKnownFileType = sourcecode.swift; path = EarthLinkTaskUITestsLaunchTests.swift; sourceTree = "<group>"; };
/* End PBXFileReference section */

/* Begin PBXFrameworksBuildPhase section */
		524C68F62A8F762A00054F10 /* Frameworks */ = {
			isa = PBXFrameworksBuildPhase;
			buildActionMask = 2147483647;
			files = (
			);
			runOnlyForDeploymentPostprocessing = 0;
		};
		524C69062A8F762B00054F10 /* Frameworks */ = {
			isa = PBXFrameworksBuildPhase;
			buildActionMask = 2147483647;
			files = (
			);
			runOnlyForDeploymentPostprocessing = 0;
		};
		524C69102A8F762B00054F10 /* Frameworks */ = {
			isa = PBXFrameworksBuildPhase;
			buildActionMask = 2147483647;
			files = (
			);
			runOnlyForDeploymentPostprocessing = 0;
		};
/* End PBXFrameworksBuildPhase section */

/* Begin PBXGroup section */
		524C68F02A8F762A00054F10 = {
			isa = PBXGroup;
			children = (
				524C68FB2A8F762A00054F10 /* EarthLinkTask */,
				524C690C2A8F762B00054F10 /* EarthLinkTaskTests */,
				524C69162A8F762B00054F10 /* EarthLinkTaskUITests */,
				524C68FA2A8F762A00054F10 /* Products */,
			);
			sourceTree = "<group>";
		};
		524C68FA2A8F762A00054F10 /* Products */ = {
			isa = PBXGroup;
			children = (
				524C68F92A8F762A00054F10 /* EarthLinkTask.app */,
				524C69092A8F762B00054F10 /* EarthLinkTaskTests.xctest */,
				524C69132A8F762B00054F10 /* EarthLinkTaskUITests.xctest */,
			);
			name = Products;
			sourceTree = "<group>";
		};
		524C68FB2A8F762A00054F10 /* EarthLinkTask */ = {
			isa = PBXGroup;
			children = (
				524C68FC2A8F762A00054F10 /* EarthLinkTaskApp.swift */,
				524C68FE2A8F762A00054F10 /* ContentView.swift */,
				524C69002A8F762B00054F10 /* Assets.xcassets */,
				524C69022A8F762B00054F10 /* Preview Content */,
			);
			path = EarthLinkTask;
			sourceTree = "<group>";
		};
		524C69022A8F762B00054F10 /* Preview Content */ = {
			isa = PBXGroup;
			children = (
				524C69032A8F762B00054F10 /* Preview Assets.xcassets */,
			);
			path = "Preview Content";
			sourceTree = "<group>";
		};
		524C690C2A8F762B00054F10 /* EarthLinkTaskTests */ = {
			isa = PBXGroup;
			children = (
				524C690D2A8F762B00054F10 /* EarthLinkTaskTests.swift */,
			);
			path = EarthLinkTaskTests;
			sourceTree = "<group>";
		};
		524C69162A8F762B00054F10 /* EarthLinkTaskUITests */ = {
			isa = PBXGroup;
			children = (
				524C69172A8F762B00054F10 /* EarthLinkTaskUITests.swift */,
				524C69192A8F762B00054F10 /* EarthLinkTaskUITestsLaunchTests.swift */,
			);
			path = EarthLinkTaskUITests;
			sourceTree = "<group>";
		};
/* End PBXGroup section */

/* Begin PBXNativeTarget section */
		524C68F82A8F762A00054F10 /* EarthLinkTask */ = {
			isa = PBXNativeTarget;
			buildConfigurationList = 524C691D2A8F762B00054F10 /* Build configuration list for PBXNativeTarget "EarthLinkTask" */;
			buildPhases = (
				524C68F52A8F762A00054F10 /* Sources */,
				524C68F62A8F762A00054F10 /* Frameworks */,
				524C68F72A8F762A00054F10 /* Resources */,
			);
			buildRules = (
			);
			dependencies = (
			);
			name = EarthLinkTask;
			productName = EarthLinkTask;
			productReference = 524C68F92A8F762A00054F10 /* EarthLinkTask.app */;
			productType = "com.apple.product-type.application";
		};
		524C69082A8F762B00054F10 /* EarthLinkTaskTests */ = {
			isa = PBXNativeTarget;
			buildConfigurationList = 524C69202A8F762B00054F10 /* Build configuration list for PBXNativeTarget "EarthLinkTaskTests" */;
			buildPhases = (
				524C69052A8F762B00054F10 /* Sources */,
				524C69062A8F762B00054F10 /* Frameworks */,
				524C69072A8F762B00054F10 /* Resources */,
			);
			buildRules = (
			);
			dependencies = (
				524C690B2A8F762B00054F10 /* PBXTargetDependency */,
			);
			name = EarthLinkTaskTests;
			productName = EarthLinkTaskTests;
			productReference = 524C69092A8F762B00054F10 /* EarthLinkTaskTests.xctest */;
			productType = "com.apple.product-type.bundle.unit-test";
		};
		524C69122A8F762B00054F10 /* EarthLinkTaskUITests */ = {
			isa = PBXNativeTarget;
			buildConfigurationList = 524C69232A8F762B00054F10 /* Build configuration list for PBXNativeTarget "EarthLinkTaskUITests" */;
			buildPhases = (
				524C690F2A8F762B00054F10 /* Sources */,
				524C69102A8F762B00054F10 /* Frameworks */,
				524C69112A8F762B00054F10 /* Resources */,
			);
			buildRules = (
			);
			dependencies = (
				524C69152A8F762B00054F10 /* PBXTargetDependency */,
			);
			name = EarthLinkTaskUITests;
			productName = EarthLinkTaskUITests;
			productReference = 524C69132A8F762B00054F10 /* EarthLinkTaskUITests.xctest */;
			productType = "com.apple.product-type.bundle.ui-testing";
		};
/* End PBXNativeTarget section */

/* Begin PBXProject section */
		524C68F12A8F762A00054F10 /* Project object */ = {
			isa = PBXProject;
			attributes = {
				BuildIndependentTargetsInParallel = 1;
				LastSwiftUpdateCheck = 1430;
				LastUpgradeCheck = 1430;
				TargetAttributes = {
					524C68F82A8F762A00054F10 = {
						CreatedOnToolsVersion = 14.3.1;
					};
					524C69082A8F762B00054F10 = {
						CreatedOnToolsVersion = 14.3.1;
						TestTargetID = 524C68F82A8F762A00054F10;
					};
					524C69122A8F762B00054F10 = {
						CreatedOnToolsVersion = 14.3.1;
						TestTargetID = 524C68F82A8F762A00054F10;
					};
				};
			};
			buildConfigurationList = 524C68F42A8F762A00054F10 /* Build configuration list for PBXProject "EarthLinkTask" */;
			compatibilityVersion = "Xcode 14.0";
			developmentRegion = en;
			hasScannedForEncodings = 0;
			knownRegions = (
				en,
				Base,
			);
			mainGroup = 524C68F02A8F762A00054F10;
			productRefGroup = 524C68FA2A8F762A00054F10 /* Products */;
			projectDirPath = "";
			projectRoot = "";
			targets = (
				524C68F82A8F762A00054F10 /* EarthLinkTask */,
				524C69082A8F762B00054F10 /* EarthLinkTaskTests */,
				524C69122A8F762B00054F10 /* EarthLinkTaskUITests */,
			);
		};
/* End PBXProject section */

/* Begin PBXResourcesBuildPhase section */
		524C68F72A8F762A00054F10 /* Resources */ = {
			isa = PBXResourcesBuildPhase;
			buildActionMask = 2147483647;
			files = (
				524C69042A8F762B00054F10 /* Preview Assets.xcassets in Resources */,
				524C69012A8F762B00054F10 /* Assets.xcassets in Resources */,
			);
			runOnlyForDeploymentPostprocessing = 0;
		};
		524C69072A8F762B00054F10 /* Resources */ = {
			isa = PBXResourcesBuildPhase;
			buildActionMask = 2147483647;
			files = (
			);
			runOnlyForDeploymentPostprocessing = 0;
		};
		524C69112A8F762B00054F10 /* Resources */ = {
			isa = PBXResourcesBuildPhase;
			buildActionMask = 2147483647;
			files = (
			);
			runOnlyForDeploymentPostprocessing = 0;
		};
/* End PBXResourcesBuildPhase section */

/* Begin PBXSourcesBuildPhase section */
		524C68F52A8F762A00054F10 /* Sources */ = {
			isa = PBXSourcesBuildPhase;
			buildActionMask = 2147483647;
			files = (
				524C68FF2A8F762A00054F10 /* ContentView.swift in Sources */,
				524C68FD2A8F762A00054F10 /* EarthLinkTaskApp.swift in Sources */,
			);
			runOnlyForDeploymentPostprocessing = 0;
		};
		524C69052A8F762B00054F10 /* Sources */ = {
			isa = PBXSourcesBuildPhase;
			buildActionMask = 2147483647;
			files = (
				524C690E2A8F762B00054F10 /* EarthLinkTaskTests.swift in Sources */,
			);
			runOnlyForDeploymentPostprocessing = 0;
		};
		524C690F2A8F762B00054F10 /* Sources */ = {
			isa = PBXSourcesBuildPhase;
			buildActionMask = 2147483647;
			files = (
				524C691A2A8F762B00054F10 /* EarthLinkTaskUITestsLaunchTests.swift in Sources */,
				524C69182A8F762B00054F10 /* EarthLinkTaskUITests.swift in Sources */,
			);
			runOnlyForDeploymentPostprocessing = 0;
		};
/* End PBXSourcesBuildPhase section */

/* Begin PBXTargetDependency section */
		524C690B2A8F762B00054F10 /* PBXTargetDependency */ = {
			isa = PBXTargetDependency;
			target = 524C68F82A8F762A00054F10 /* EarthLinkTask */;
			targetProxy = 524C690A2A8F762B00054F10 /* PBXContainerItemProxy */;
		};
		524C69152A8F762B00054F10 /* PBXTargetDependency */ = {
			isa = PBXTargetDependency;
			target = 524C68F82A8F762A00054F10 /* EarthLinkTask */;
			targetProxy = 524C69142A8F762B00054F10 /* PBXContainerItemProxy */;
		};
/* End PBXTargetDependency section */

/* Begin XCBuildConfiguration section */
		524C691B2A8F762B00054F10 /* Debug */ = {
			isa = XCBuildConfiguration;
			buildSettings = {
				ALWAYS_SEARCH_USER_PATHS = NO;
				CLANG_ANALYZER_NONNULL = YES;
				CLANG_ANALYZER_NUMBER_OBJECT_CONVERSION = YES_AGGRESSIVE;
				CLANG_CXX_LANGUAGE_STANDARD = "gnu++20";
				CLANG_ENABLE_MODULES = YES;
				CLANG_ENABLE_OBJC_ARC = YES;
				CLANG_ENABLE_OBJC_WEAK = YES;
				CLANG_WARN_BLOCK_CAPTURE_AUTORELEASING = YES;
				CLANG_WARN_BOOL_CONVERSION = YES;
				CLANG_WARN_COMMA = YES;
				CLANG_WARN_CONSTANT_CONVERSION = YES;
				CLANG_WARN_DEPRECATED_OBJC_IMPLEMENTATIONS = YES;
				CLANG_WARN_DIRECT_OBJC_ISA_USAGE = YES_ERROR;
				CLANG_WARN_DOCUMENTATION_COMMENTS = YES;
				CLANG_WARN_EMPTY_BODY = YES;
				CLANG_WARN_ENUM_CONVERSION = YES;
				CLANG_WARN_INFINITE_RECURSION = YES;
				CLANG_WARN_INT_CONVERSION = YES;
				CLANG_WARN_NON_LITERAL_NULL_CONVERSION = YES;
				CLANG_WARN_OBJC_IMPLICIT_RETAIN_SELF = YES;
				CLANG_WARN_OBJC_LITERAL_CONVERSION = YES;
				CLANG_WARN_OBJC_ROOT_CLASS = YES_ERROR;
				CLANG_WARN_QUOTED_INCLUDE_IN_FRAMEWORK_HEADER = YES;
				CLANG_WARN_RANGE_LOOP_ANALYSIS = YES;
				CLANG_WARN_STRICT_PROTOTYPES = YES;
				CLANG_WARN_SUSPICIOUS_MOVE = YES;
				CLANG_WARN_UNGUARDED_AVAILABILITY = YES_AGGRESSIVE;
				CLANG_WARN_UNREACHABLE_CODE = YES;
				CLANG_WARN__DUPLICATE_METHOD_MATCH = YES;
				COPY_PHASE_STRIP = NO;
				DEBUG_INFORMATION_FORMAT = dwarf;
				ENABLE_STRICT_OBJC_MSGSEND = YES;
				ENABLE_TESTABILITY = YES;
				GCC_C_LANGUAGE_STANDARD = gnu11;
				GCC_DYNAMIC_NO_PIC = NO;
				GCC_NO_COMMON_BLOCKS = YES;
				GCC_OPTIMIZATION_LEVEL = 0;
				GCC_PREPROCESSOR_DEFINITIONS = (
					"DEBUG=1",
					"$(inherited)",
				);
				GCC_WARN_64_TO_32_BIT_CONVERSION = YES;
				GCC_WARN_ABOUT_RETURN_TYPE = YES_ERROR;
				GCC_WARN_UNDECLARED_SELECTOR = YES;
				GCC_WARN_UNINITIALIZED_AUTOS = YES_AGGRESSIVE;
				GCC_WARN_UNUSED_FUNCTION = YES;
				GCC_WARN_UNUSED_VARIABLE = YES;
				IPHONEOS_DEPLOYMENT_TARGET = 16.4;
				MTL_ENABLE_DEBUG_INFO = INCLUDE_SOURCE;
				MTL_FAST_MATH = YES;
				ONLY_ACTIVE_ARCH = YES;
				SDKROOT = iphoneos;
				SWIFT_ACTIVE_COMPILATION_CONDITIONS = DEBUG;
				SWIFT_OPTIMIZATION_LEVEL = "-Onone";
			};
			name = Debug;
		};
		524C691C2A8F762B00054F10 /* Release */ = {
			isa = XCBuildConfiguration;
			buildSettings = {
				ALWAYS_SEARCH_USER_PATHS = NO;
				CLANG_ANALYZER_NONNULL = YES;
				CLANG_ANALYZER_NUMBER_OBJECT_CONVERSION = YES_AGGRESSIVE;
				CLANG_CXX_LANGUAGE_STANDARD = "gnu++20";
				CLANG_ENABLE_MODULES = YES;
				CLANG_ENABLE_OBJC_ARC = YES;
				CLANG_ENABLE_OBJC_WEAK = YES;
				CLANG_WARN_BLOCK_CAPTURE_AUTORELEASING = YES;
				CLANG_WARN_BOOL_CONVERSION = YES;
				CLANG_WARN_COMMA = YES;
				CLANG_WARN_CONSTANT_CONVERSION = YES;
				CLANG_WARN_DEPRECATED_OBJC_IMPLEMENTATIONS = YES;
				CLANG_WARN_DIRECT_OBJC_ISA_USAGE = YES_ERROR;
				CLANG_WARN_DOCUMENTATION_COMMENTS = YES;
				CLANG_WARN_EMPTY_BODY = YES;
				CLANG_WARN_ENUM_CONVERSION = YES;
				CLANG_WARN_INFINITE_RECURSION = YES;
				CLANG_WARN_INT_CONVERSION = YES;
				CLANG_WARN_NON_LITERAL_NULL_CONVERSION = YES;
				CLANG_WARN_OBJC_IMPLICIT_RETAIN_SELF = YES;
				CLANG_WARN_OBJC_LITERAL_CONVERSION = YES;
				CLANG_WARN_OBJC_ROOT_CLASS = YES_ERROR;
				CLANG_WARN_QUOTED_INCLUDE_IN_FRAMEWORK_HEADER = YES;
				CLANG_WARN_RANGE_LOOP_ANALYSIS = YES;
				CLANG_WARN_STRICT_PROTOTYPES = YES;
				CLANG_WARN_SUSPICIOUS_MOVE = YES;
				CLANG_WARN_UNGUARDED_AVAILABILITY = YES_AGGRESSIVE;
				CLANG_WARN_UNREACHABLE_CODE = YES;
				CLANG_WARN__DUPLICATE_METHOD_MATCH = YES;
				COPY_PHASE_STRIP = NO;
				DEBUG_INFORMATION_FORMAT = "dwarf-with-dsym";
				ENABLE_NS_ASSERTIONS = NO;
				ENABLE_STRICT_OBJC_MSGSEND = YES;
				GCC_C_LANGUAGE_STANDARD = gnu11;
				GCC_NO_COMMON_BLOCKS = YES;
				GCC_WARN_64_TO_32_BIT_CONVERSION = YES;
				GCC_WARN_ABOUT_RETURN_TYPE = YES_ERROR;
				GCC_WARN_UNDECLARED_SELECTOR = YES;
				GCC_WARN_UNINITIALIZED_AUTOS = YES_AGGRESSIVE;
				GCC_WARN_UNUSED_FUNCTION = YES;
				GCC_WARN_UNUSED_VARIABLE = YES;
				IPHONEOS_DEPLOYMENT_TARGET = 16.4;
				MTL_ENABLE_DEBUG_INFO = NO;
				MTL_FAST_MATH = YES;
				SDKROOT = iphoneos;
				SWIFT_COMPILATION_MODE = wholemodule;
				SWIFT_OPTIMIZATION_LEVEL = "-O";
				VALIDATE_PRODUCT = YES;
			};
			name = Release;
		};
		524C691E2A8F762B00054F10 /* Debug */ = {
			isa = XCBuildConfiguration;
			buildSettings = {
				ASSETCATALOG_COMPILER_APPICON_NAME = AppIcon;
				ASSETCATALOG_COMPILER_GLOBAL_ACCENT_COLOR_NAME = AccentColor;
				CODE_SIGN_STYLE = Automatic;
				CURRENT_PROJECT_VERSION = 1;
				DEVELOPMENT_ASSET_PATHS = "\"EarthLinkTask/Preview Content\"";
				ENABLE_PREVIEWS = YES;
				GENERATE_INFOPLIST_FILE = YES;
				INFOPLIST_KEY_UIApplicationSceneManifest_Generation = YES;
				INFOPLIST_KEY_UIApplicationSupportsIndirectInputEvents = YES;
				INFOPLIST_KEY_UILaunchScreen_Generation = YES;
				INFOPLIST_KEY_UISupportedInterfaceOrientations_iPad = "UIInterfaceOrientationPortrait UIInterfaceOrientationPortraitUpsideDown UIInterfaceOrientationLandscapeLeft UIInterfaceOrientationLandscapeRight";
				INFOPLIST_KEY_UISupportedInterfaceOrientations_iPhone = "UIInterfaceOrientationPortrait UIInterfaceOrientationLandscapeLeft UIInterfaceOrientationLandscapeRight";
				LD_RUNPATH_SEARCH_PATHS = (
					"$(inherited)",
					"@executable_path/Frameworks",
				);
				MARKETING_VERSION = 1.0;
				PRODUCT_BUNDLE_IDENTIFIER = com.earthlink.task.EarthLinkTask;
				PRODUCT_NAME = "$(TARGET_NAME)";
				SWIFT_EMIT_LOC_STRINGS = YES;
				SWIFT_VERSION = 5.0;
				TARGETED_DEVICE_FAMILY = "1,2";
			};
			name = Debug;
		};
		524C691F2A8F762B00054F10 /* Release */ = {
			isa = XCBuildConfiguration;
			buildSettings = {
				ASSETCATALOG_COMPILER_APPICON_NAME = AppIcon;
				ASSETCATALOG_COMPILER_GLOBAL_ACCENT_COLOR_NAME = AccentColor;
				CODE_SIGN_STYLE = Automatic;
				CURRENT_PROJECT_VERSION = 1;
				DEVELOPMENT_ASSET_PATHS = "\"EarthLinkTask/Preview Content\"";
				ENABLE_PREVIEWS = YES;
				GENERATE_INFOPLIST_FILE = YES;
				INFOPLIST_KEY_UIApplicationSceneManifest_Generation = YES;
				INFOPLIST_KEY_UIApplicationSupportsIndirectInputEvents = YES;
				INFOPLIST_KEY_UILaunchScreen_Generation = YES;
				INFOPLIST_KEY_UISupportedInterfaceOrientations_iPad = "UIInterfaceOrientationPortrait UIInterfaceOrientationPortraitUpsideDown UIInterfaceOrientationLandscapeLeft UIInterfaceOrientationLandscapeRight";
				INFOPLIST_KEY_UISupportedInterfaceOrientations_iPhone = "UIInterfaceOrientationPortrait UIInterfaceOrientationLandscapeLeft UIInterfaceOrientationLandscapeRight";
				LD_RUNPATH_SEARCH_PATHS = (
					"$(inherited)",
					"@executable_path/Frameworks",
				);
				MARKETING_VERSION = 1.0;
				PRODUCT_BUNDLE_IDENTIFIER = com.earthlink.task.EarthLinkTask;
				PRODUCT_NAME = "$(TARGET_NAME)";
				SWIFT_EMIT_LOC_STRINGS = YES;
				SWIFT_VERSION = 5.0;
				TARGETED_DEVICE_FAMILY = "1,2";
			};
			name = Release;
		};
		524C69212A8F762B00054F10 /* Debug */ = {
			isa = XCBuildConfiguration;
			buildSettings = {
				ALWAYS_EMBED_SWIFT_STANDARD_LIBRARIES = YES;
				BUNDLE_LOADER = "$(TEST_HOST)";
				CODE_SIGN_STYLE = Automatic;
				CURRENT_PROJECT_VERSION = 1;
				GENERATE_INFOPLIST_FILE = YES;
				IPHONEOS_DEPLOYMENT_TARGET = 16.4;
				MARKETING_VERSION = 1.0;
				PRODUCT_BUNDLE_IDENTIFIER = com.earthlink.task.EarthLinkTaskTests;
				PRODUCT_NAME = "$(TARGET_NAME)";
				SWIFT_EMIT_LOC_STRINGS = NO;
				SWIFT_VERSION = 5.0;
				TARGETED_DEVICE_FAMILY = "1,2";
				TEST_HOST = "$(BUILT_PRODUCTS_DIR)/EarthLinkTask.app/$(BUNDLE_EXECUTABLE_FOLDER_PATH)/EarthLinkTask";
			};
			name = Debug;
		};
		524C69222A8F762B00054F10 /* Release */ = {
			isa = XCBuildConfiguration;
			buildSettings = {
				ALWAYS_EMBED_SWIFT_STANDARD_LIBRARIES = YES;
				BUNDLE_LOADER = "$(TEST_HOST)";
				CODE_SIGN_STYLE = Automatic;
				CURRENT_PROJECT_VERSION = 1;
				GENERATE_INFOPLIST_FILE = YES;
				IPHONEOS_DEPLOYMENT_TARGET = 16.4;
				MARKETING_VERSION = 1.0;
				PRODUCT_BUNDLE_IDENTIFIER = com.earthlink.task.EarthLinkTaskTests;
				PRODUCT_NAME = "$(TARGET_NAME)";
				SWIFT_EMIT_LOC_STRINGS = NO;
				SWIFT_VERSION = 5.0;
				TARGETED_DEVICE_FAMILY = "1,2";
				TEST_HOST = "$(BUILT_PRODUCTS_DIR)/EarthLinkTask.app/$(BUNDLE_EXECUTABLE_FOLDER_PATH)/EarthLinkTask";
			};
			name = Release;
		};
		524C69242A8F762B00054F10 /* Debug */ = {
			isa = XCBuildConfiguration;
			buildSettings = {
				ALWAYS_EMBED_SWIFT_STANDARD_LIBRARIES = YES;
				CODE_SIGN_STYLE = Automatic;
				CURRENT_PROJECT_VERSION = 1;
				GENERATE_INFOPLIST_FILE = YES;
				MARKETING_VERSION = 1.0;
				PRODUCT_BUNDLE_IDENTIFIER = com.earthlink.task.EarthLinkTaskUITests;
				PRODUCT_NAME = "$(TARGET_NAME)";
				SWIFT_EMIT_LOC_STRINGS = NO;
				SWIFT_VERSION = 5.0;
				TARGETED_DEVICE_FAMILY = "1,2";
				TEST_TARGET_NAME = EarthLinkTask;
			};
			name = Debug;
		};
		524C69252A8F762B00054F10 /* Release */ = {
			isa = XCBuildConfiguration;
			buildSettings = {
				ALWAYS_EMBED_SWIFT_STANDARD_LIBRARIES = YES;
				CODE_SIGN_STYLE = Automatic;
				CURRENT_PROJECT_VERSION = 1;
				GENERATE_INFOPLIST_FILE = YES;
				MARKETING_VERSION = 1.0;
				PRODUCT_BUNDLE_IDENTIFIER = com.earthlink.task.EarthLinkTaskUITests;
				PRODUCT_NAME = "$(TARGET_NAME)";
				SWIFT_EMIT_LOC_STRINGS = NO;
				SWIFT_VERSION = 5.0;
				TARGETED_DEVICE_FAMILY = "1,2";
				TEST_TARGET_NAME = EarthLinkTask;
			};
			name = Release;
		};
/* End XCBuildConfiguration section */

/* Begin XCConfigurationList section */
		524C68F42A8F762A00054F10 /* Build configuration list for PBXProject "EarthLinkTask" */ = {
			isa = XCConfigurationList;
			buildConfigurations = (
				524C691B2A8F762B00054F10 /* Debug */,
				524C691C2A8F762B00054F10 /* Release */,
			);
			defaultConfigurationIsVisible = 0;
			defaultConfigurationName = Release;
		};
		524C691D2A8F762B00054F10 /* Build configuration list for PBXNativeTarget "EarthLinkTask" */ = {
			isa = XCConfigurationList;
			buildConfigurations = (
				524C691E2A8F762B00054F10 /* Debug */,
				524C691F2A8F762B00054F10 /* Release */,
			);
			defaultConfigurationIsVisible = 0;
			defaultConfigurationName = Release;
		};
		524C69202A8F762B00054F10 /* Build configuration list for PBXNativeTarget "EarthLinkTaskTests" */ = {
			isa = XCConfigurationList;
			buildConfigurations = (
				524C69212A8F762B00054F10 /* Debug */,
				524C69222A8F762B00054F10 /* Release */,
			);
			defaultConfigurationIsVisible = 0;
			defaultConfigurationName = Release;
		};
		524C69232A8F762B00054F10 /* Build configuration list for PBXNativeTarget "EarthLinkTaskUITests" */ = {
			isa = XCConfigurationList;
			buildConfigurations = (
				524C69242A8F762B00054F10 /* Debug */,
				524C69252A8F762B00054F10 /* Release */,
			);
			defaultConfigurationIsVisible = 0;
			defaultConfigurationName = Release;
		};
/* End XCConfigurationList section */
	};
	rootObject = 524C68F12A8F762A00054F10 /* Project object */;
}
